// !$*UTF8*$!
{
	archiveVersion = 1;
	classes = {
	};
	objectVersion = 77;
	objects = {

/* Begin PBXBuildFile section */
		DBD63FDC2EB2A54B00D2AA5D /* NetworkManager.swift in Sources */ = {isa = PBXBuildFile; fileRef = DBD63FDB2EB2A54000D2AA5D /* NetworkManager.swift */; };
		DBD63FDD2EB2A55000D2AA5D /* Reel.swift in Sources */ = {isa = PBXBuildFile; fileRef = DBD63FDA2EB2A53400D2AA5D /* Reel.swift */; };
		DBD63FDE2EB2A55500D2AA5D /* ReelsViewModel.swift in Sources */ = {isa = PBXBuildFile; fileRef = DBD63FD92EB2A52B00D2AA5D /* ReelsViewModel.swift */; };
		DBD63FDF2EB2A55D00D2AA5D /* ChatScreen.swift in Sources */ = {isa = PBXBuildFile; fileRef = DBD63FD42EB2A52000D2AA5D /* ChatScreen.swift */; };
		DBD63FE02EB2A55D00D2AA5D /* CallsScreen.swift in Sources */ = {isa = PBXBuildFile; fileRef = DBD63FD32EB2A52000D2AA5D /* CallsScreen.swift */; };
		DBD63FE12EB2A55D00D2AA5D /* ProfileScreen.swift in Sources */ = {isa = PBXBuildFile; fileRef = DBD63FD82EB2A52000D2AA5D /* ProfileScreen.swift */; };
		DBD63FE22EB2A55D00D2AA5D /* ContentView.swift in Sources */ = {isa = PBXBuildFile; fileRef = DBD63FD52EB2A52000D2AA5D /* ContentView.swift */; };
		DBD63FE32EB2A55D00D2AA5D /* MainTabView.swift in Sources */ = {isa = PBXBuildFile; fileRef = DBD63FD72EB2A52000D2AA5D /* MainTabView.swift */; };
		DBD63FE42EB2A55D00D2AA5D /* AddScreen.swift in Sources */ = {isa = PBXBuildFile; fileRef = DBD63FD22EB2A52000D2AA5D /* AddScreen.swift */; };
		DBD63FE52EB2A55D00D2AA5D /* HomeScreen.swift in Sources */ = {isa = PBXBuildFile; fileRef = DBD63FD62EB2A52000D2AA5D /* HomeScreen.swift */; };
		DBD63FF22EB2AB6700D2AA5D /* Kingfisher in Frameworks */ = {isa = PBXBuildFile; productRef = DBD63FF12EB2AB6700D2AA5D /* Kingfisher */; };
/* End PBXBuildFile section */

/* Begin PBXFileReference section */
		DBD63FBA2EB2A40200D2AA5D /* test_reel.app */ = {isa = PBXFileReference; explicitFileType = wrapper.application; includeInIndex = 0; path = test_reel.app; sourceTree = BUILT_PRODUCTS_DIR; };
		DBD63FD22EB2A52000D2AA5D /* AddScreen.swift */ = {isa = PBXFileReference; lastKnownFileType = sourcecode.swift; path = AddScreen.swift; sourceTree = "<group>"; };
		DBD63FD32EB2A52000D2AA5D /* CallsScreen.swift */ = {isa = PBXFileReference; lastKnownFileType = sourcecode.swift; path = CallsScreen.swift; sourceTree = "<group>"; };
		DBD63FD42EB2A52000D2AA5D /* ChatScreen.swift */ = {isa = PBXFileReference; lastKnownFileType = sourcecode.swift; path = ChatScreen.swift; sourceTree = "<group>"; };
		DBD63FD52EB2A52000D2AA5D /* ContentView.swift */ = {isa = PBXFileReference; lastKnownFileType = sourcecode.swift; path = ContentView.swift; sourceTree = "<group>"; };
		DBD63FD62EB2A52000D2AA5D /* HomeScreen.swift */ = {isa = PBXFileReference; lastKnownFileType = sourcecode.swift; path = HomeScreen.swift; sourceTree = "<group>"; };
		DBD63FD72EB2A52000D2AA5D /* MainTabView.swift */ = {isa = PBXFileReference; lastKnownFileType = sourcecode.swift; path = MainTabView.swift; sourceTree = "<group>"; };
		DBD63FD82EB2A52000D2AA5D /* ProfileScreen.swift */ = {isa = PBXFileReference; lastKnownFileType = sourcecode.swift; path = ProfileScreen.swift; sourceTree = "<group>"; };
		DBD63FD92EB2A52B00D2AA5D /* ReelsViewModel.swift */ = {isa = PBXFileReference; lastKnownFileType = sourcecode.swift; path = ReelsViewModel.swift; sourceTree = "<group>"; };
		DBD63FDA2EB2A53400D2AA5D /* Reel.swift */ = {isa = PBXFileReference; lastKnownFileType = sourcecode.swift; path = Reel.swift; sourceTree = "<group>"; };
		DBD63FDB2EB2A54000D2AA5D /* NetworkManager.swift */ = {isa = PBXFileReference; lastKnownFileType = sourcecode.swift; path = NetworkManager.swift; sourceTree = "<group>"; };
		DBD63FEF2EB2AAF100D2AA5D /* Alamafire */ = {isa = PBXFileReference; lastKnownFileType = wrapper; name = Alamafire; path = ../Alamafire; sourceTree = SOURCE_ROOT; };
/* End PBXFileReference section */

/* Begin PBXFileSystemSynchronizedRootGroup section */
		DBD63FBC2EB2A40200D2AA5D /* test_reel */ = {
			isa = PBXFileSystemSynchronizedRootGroup;
			path = test_reel;
			sourceTree = "<group>";
		};
/* End PBXFileSystemSynchronizedRootGroup section */

/* Begin PBXFrameworksBuildPhase section */
		DBD63FB72EB2A40200D2AA5D /* Frameworks */ = {
			isa = PBXFrameworksBuildPhase;
			buildActionMask = 2147483647;
			files = (
				DBD63FF22EB2AB6700D2AA5D /* Kingfisher in Frameworks */,
			);
			runOnlyForDeploymentPostprocessing = 0;
		};
/* End PBXFrameworksBuildPhase section */

/* Begin PBXGroup section */
		DBD63FB12EB2A40200D2AA5D = {
			isa = PBXGroup;
			children = (
				DBD63FEF2EB2AAF100D2AA5D /* Alamafire */,
				DBD63FCB2EB2A45B00D2AA5D /* Network */,
				DBD63FCA2EB2A45100D2AA5D /* Models */,
				DBD63FC92EB2A43C00D2AA5D /* ViewModels */,
				DBD63FC82EB2A42800D2AA5D /* Views */,
				DBD63FBC2EB2A40200D2AA5D /* test_reel */,
				DBD63FBB2EB2A40200D2AA5D /* Products */,
			);
			sourceTree = "<group>";
		};
		DBD63FBB2EB2A40200D2AA5D /* Products */ = {
			isa = PBXGroup;
			children = (
				DBD63FBA2EB2A40200D2AA5D /* test_reel.app */,
			);
			name = Products;
			sourceTree = "<group>";
		};
		DBD63FC82EB2A42800D2AA5D /* Views */ = {
			isa = PBXGroup;
			children = (
				DBD63FD22EB2A52000D2AA5D /* AddScreen.swift */,
				DBD63FD32EB2A52000D2AA5D /* CallsScreen.swift */,
				DBD63FD42EB2A52000D2AA5D /* ChatScreen.swift */,
				DBD63FD52EB2A52000D2AA5D /* ContentView.swift */,
				DBD63FD62EB2A52000D2AA5D /* HomeScreen.swift */,
				DBD63FD72EB2A52000D2AA5D /* MainTabView.swift */,
				DBD63FD82EB2A52000D2AA5D /* ProfileScreen.swift */,
			);
			path = Views;
			sourceTree = "<group>";
		};
		DBD63FC92EB2A43C00D2AA5D /* ViewModels */ = {
			isa = PBXGroup;
			children = (
				DBD63FD92EB2A52B00D2AA5D /* ReelsViewModel.swift */,
			);
			path = ViewModels;
			sourceTree = "<group>";
		};
		DBD63FCA2EB2A45100D2AA5D /* Models */ = {
			isa = PBXGroup;
			children = (
				DBD63FDA2EB2A53400D2AA5D /* Reel.swift */,
			);
			path = Models;
			sourceTree = "<group>";
		};
		DBD63FCB2EB2A45B00D2AA5D /* Network */ = {
			isa = PBXGroup;
			children = (
				DBD63FDB2EB2A54000D2AA5D /* NetworkManager.swift */,
			);
			path = Network;
			sourceTree = "<group>";
		};
/* End PBXGroup section */

/* Begin PBXNativeTarget section */
		DBD63FB92EB2A40200D2AA5D /* test_reel */ = {
			isa = PBXNativeTarget;
			buildConfigurationList = DBD63FC52EB2A40300D2AA5D /* Build configuration list for PBXNativeTarget "test_reel" */;
			buildPhases = (
				DBD63FB62EB2A40200D2AA5D /* Sources */,
				DBD63FB72EB2A40200D2AA5D /* Frameworks */,
				DBD63FB82EB2A40200D2AA5D /* Resources */,
			);
			buildRules = (
			);
			dependencies = (
			);
			fileSystemSynchronizedGroups = (
				DBD63FBC2EB2A40200D2AA5D /* test_reel */,
			);
			name = test_reel;
			packageProductDependencies = (
				DBD63FF12EB2AB6700D2AA5D /* Kingfisher */,
			);
			productName = test_reel;
			productReference = DBD63FBA2EB2A40200D2AA5D /* test_reel.app */;
			productType = "com.apple.product-type.application";
		};
/* End PBXNativeTarget section */

/* Begin PBXProject section */
		DBD63FB22EB2A40200D2AA5D /* Project object */ = {
			isa = PBXProject;
			attributes = {
				BuildIndependentTargetsInParallel = 1;
				LastSwiftUpdateCheck = 2600;
				LastUpgradeCheck = 2600;
				TargetAttributes = {
					DBD63FB92EB2A40200D2AA5D = {
						CreatedOnToolsVersion = 26.0.1;
					};
				};
			};
			buildConfigurationList = DBD63FB52EB2A40200D2AA5D /* Build configuration list for PBXProject "test_reel" */;
			developmentRegion = en;
			hasScannedForEncodings = 0;
			knownRegions = (
				en,
				Base,
			);
			mainGroup = DBD63FB12EB2A40200D2AA5D;
			minimizedProjectReferenceProxies = 1;
			packageReferences = (
				DBD63FF02EB2AB6700D2AA5D /* XCRemoteSwiftPackageReference "Kingfisher" */,
			);
			preferredProjectObjectVersion = 77;
			productRefGroup = DBD63FBB2EB2A40200D2AA5D /* Products */;
			projectDirPath = "";
			projectRoot = "";
			targets = (
				DBD63FB92EB2A40200D2AA5D /* test_reel */,
			);
		};
/* End PBXProject section */

/* Begin PBXResourcesBuildPhase section */
		DBD63FB82EB2A40200D2AA5D /* Resources */ = {
			isa = PBXResourcesBuildPhase;
			buildActionMask = 2147483647;
			files = (
			);
			runOnlyForDeploymentPostprocessing = 0;
		};
/* End PBXResourcesBuildPhase section */

/* Begin PBXSourcesBuildPhase section */
		DBD63FB62EB2A40200D2AA5D /* Sources */ = {
			isa = PBXSourcesBuildPhase;
			buildActionMask = 2147483647;
			files = (
				DBD63FDE2EB2A55500D2AA5D /* ReelsViewModel.swift in Sources */,
				DBD63FDC2EB2A54B00D2AA5D /* NetworkManager.swift in Sources */,
				DBD63FDD2EB2A55000D2AA5D /* Reel.swift in Sources */,
				DBD63FDF2EB2A55D00D2AA5D /* ChatScreen.swift in Sources */,
				DBD63FE02EB2A55D00D2AA5D /* CallsScreen.swift in Sources */,
				DBD63FE12EB2A55D00D2AA5D /* ProfileScreen.swift in Sources */,
				DBD63FE22EB2A55D00D2AA5D /* ContentView.swift in Sources */,
				DBD63FE32EB2A55D00D2AA5D /* MainTabView.swift in Sources */,
				DBD63FE42EB2A55D00D2AA5D /* AddScreen.swift in Sources */,
				DBD63FE52EB2A55D00D2AA5D /* HomeScreen.swift in Sources */,
			);
			runOnlyForDeploymentPostprocessing = 0;
		};
/* End PBXSourcesBuildPhase section */

/* Begin XCBuildConfiguration section */
		DBD63FC32EB2A40300D2AA5D /* Debug */ = {
			isa = XCBuildConfiguration;
			buildSettings = {
				ALWAYS_SEARCH_USER_PATHS = NO;
				ASSETCATALOG_COMPILER_GENERATE_SWIFT_ASSET_SYMBOL_EXTENSIONS = YES;
				CLANG_ANALYZER_NONNULL = YES;
				CLANG_ANALYZER_NUMBER_OBJECT_CONVERSION = YES_AGGRESSIVE;
				CLANG_CXX_LANGUAGE_STANDARD = "gnu++20";
				CLANG_ENABLE_MODULES = YES;
				CLANG_ENABLE_OBJC_ARC = YES;
				CLANG_ENABLE_OBJC_WEAK = YES;
				CLANG_WARN_BLOCK_CAPTURE_AUTORELEASING = YES;
				CLANG_WARN_BOOL_CONVERSION = YES;
				CLANG_WARN_COMMA = YES;
				CLANG_WARN_CONSTANT_CONVERSION = YES;
				CLANG_WARN_DEPRECATED_OBJC_IMPLEMENTATIONS = YES;
				CLANG_WARN_DIRECT_OBJC_ISA_USAGE = YES_ERROR;
				CLANG_WARN_DOCUMENTATION_COMMENTS = YES;
				CLANG_WARN_EMPTY_BODY = YES;
				CLANG_WARN_ENUM_CONVERSION = YES;
				CLANG_WARN_INFINITE_RECURSION = YES;
				CLANG_WARN_INT_CONVERSION = YES;
				CLANG_WARN_NON_LITERAL_NULL_CONVERSION = YES;
				CLANG_WARN_OBJC_IMPLICIT_RETAIN_SELF = YES;
				CLANG_WARN_OBJC_LITERAL_CONVERSION = YES;
				CLANG_WARN_OBJC_ROOT_CLASS = YES_ERROR;
				CLANG_WARN_QUOTED_INCLUDE_IN_FRAMEWORK_HEADER = YES;
				CLANG_WARN_RANGE_LOOP_ANALYSIS = YES;
				CLANG_WARN_STRICT_PROTOTYPES = YES;
				CLANG_WARN_SUSPICIOUS_MOVE = YES;
				CLANG_WARN_UNGUARDED_AVAILABILITY = YES_AGGRESSIVE;
				CLANG_WARN_UNREACHABLE_CODE = YES;
				CLANG_WARN__DUPLICATE_METHOD_MATCH = YES;
				COPY_PHASE_STRIP = NO;
				DEBUG_INFORMATION_FORMAT = dwarf;
				DEVELOPMENT_TEAM = 342S33D94D;
				ENABLE_STRICT_OBJC_MSGSEND = YES;
				ENABLE_TESTABILITY = YES;
				ENABLE_USER_SCRIPT_SANDBOXING = YES;
				GCC_C_LANGUAGE_STANDARD = gnu17;
				GCC_DYNAMIC_NO_PIC = NO;
				GCC_NO_COMMON_BLOCKS = YES;
				GCC_OPTIMIZATION_LEVEL = 0;
				GCC_PREPROCESSOR_DEFINITIONS = (
					"DEBUG=1",
					"$(inherited)",
				);
				GCC_WARN_64_TO_32_BIT_CONVERSION = YES;
				GCC_WARN_ABOUT_RETURN_TYPE = YES_ERROR;
				GCC_WARN_UNDECLARED_SELECTOR = YES;
				GCC_WARN_UNINITIALIZED_AUTOS = YES_AGGRESSIVE;
				GCC_WARN_UNUSED_FUNCTION = YES;
				GCC_WARN_UNUSED_VARIABLE = YES;
				LOCALIZATION_PREFERS_STRING_CATALOGS = YES;
				MTL_ENABLE_DEBUG_INFO = INCLUDE_SOURCE;
				MTL_FAST_MATH = YES;
				ONLY_ACTIVE_ARCH = YES;
				SWIFT_ACTIVE_COMPILATION_CONDITIONS = "DEBUG $(inherited)";
				SWIFT_OPTIMIZATION_LEVEL = "-Onone";
			};
			name = Debug;
		};
		DBD63FC42EB2A40300D2AA5D /* Release */ = {
			isa = XCBuildConfiguration;
			buildSettings = {
				ALWAYS_SEARCH_USER_PATHS = NO;
				ASSETCATALOG_COMPILER_GENERATE_SWIFT_ASSET_SYMBOL_EXTENSIONS = YES;
				CLANG_ANALYZER_NONNULL = YES;
				CLANG_ANALYZER_NUMBER_OBJECT_CONVERSION = YES_AGGRESSIVE;
				CLANG_CXX_LANGUAGE_STANDARD = "gnu++20";
				CLANG_ENABLE_MODULES = YES;
				CLANG_ENABLE_OBJC_ARC = YES;
				CLANG_ENABLE_OBJC_WEAK = YES;
				CLANG_WARN_BLOCK_CAPTURE_AUTORELEASING = YES;
				CLANG_WARN_BOOL_CONVERSION = YES;
				CLANG_WARN_COMMA = YES;
				CLANG_WARN_CONSTANT_CONVERSION = YES;
				CLANG_WARN_DEPRECATED_OBJC_IMPLEMENTATIONS = YES;
				CLANG_WARN_DIRECT_OBJC_ISA_USAGE = YES_ERROR;
				CLANG_WARN_DOCUMENTATION_COMMENTS = YES;
				CLANG_WARN_EMPTY_BODY = YES;
				CLANG_WARN_ENUM_CONVERSION = YES;
				CLANG_WARN_INFINITE_RECURSION = YES;
				CLANG_WARN_INT_CONVERSION = YES;
				CLANG_WARN_NON_LITERAL_NULL_CONVERSION = YES;
				CLANG_WARN_OBJC_IMPLICIT_RETAIN_SELF = YES;
				CLANG_WARN_OBJC_LITERAL_CONVERSION = YES;
				CLANG_WARN_OBJC_ROOT_CLASS = YES_ERROR;
				CLANG_WARN_QUOTED_INCLUDE_IN_FRAMEWORK_HEADER = YES;
				CLANG_WARN_RANGE_LOOP_ANALYSIS = YES;
				CLANG_WARN_STRICT_PROTOTYPES = YES;
				CLANG_WARN_SUSPICIOUS_MOVE = YES;
				CLANG_WARN_UNGUARDED_AVAILABILITY = YES_AGGRESSIVE;
				CLANG_WARN_UNREACHABLE_CODE = YES;
				CLANG_WARN__DUPLICATE_METHOD_MATCH = YES;
				COPY_PHASE_STRIP = NO;
				DEBUG_INFORMATION_FORMAT = "dwarf-with-dsym";
				DEVELOPMENT_TEAM = 342S33D94D;
				ENABLE_NS_ASSERTIONS = NO;
				ENABLE_STRICT_OBJC_MSGSEND = YES;
				ENABLE_USER_SCRIPT_SANDBOXING = YES;
				GCC_C_LANGUAGE_STANDARD = gnu17;
				GCC_NO_COMMON_BLOCKS = YES;
				GCC_WARN_64_TO_32_BIT_CONVERSION = YES;
				GCC_WARN_ABOUT_RETURN_TYPE = YES_ERROR;
				GCC_WARN_UNDECLARED_SELECTOR = YES;
				GCC_WARN_UNINITIALIZED_AUTOS = YES_AGGRESSIVE;
				GCC_WARN_UNUSED_FUNCTION = YES;
				GCC_WARN_UNUSED_VARIABLE = YES;
				LOCALIZATION_PREFERS_STRING_CATALOGS = YES;
				MTL_ENABLE_DEBUG_INFO = NO;
				MTL_FAST_MATH = YES;
				SWIFT_COMPILATION_MODE = wholemodule;
			};
			name = Release;
		};
		DBD63FC62EB2A40300D2AA5D /* Debug */ = {
			isa = XCBuildConfiguration;
			buildSettings = {
				ALWAYS_EMBED_SWIFT_STANDARD_LIBRARIES = YES;
				ASSETCATALOG_COMPILER_APPICON_NAME = AppIcon;
				ASSETCATALOG_COMPILER_GLOBAL_ACCENT_COLOR_NAME = AccentColor;
				CODE_SIGN_STYLE = Automatic;
				CURRENT_PROJECT_VERSION = 1;
				DEVELOPMENT_TEAM = 342S33D94D;
				ENABLE_APP_SANDBOX = YES;
				ENABLE_HARDENED_RUNTIME = YES;
				ENABLE_PREVIEWS = YES;
				ENABLE_USER_SELECTED_FILES = readonly;
				GENERATE_INFOPLIST_FILE = YES;
				"INFOPLIST_KEY_UIApplicationSceneManifest_Generation[sdk=iphoneos*]" = YES;
				"INFOPLIST_KEY_UIApplicationSceneManifest_Generation[sdk=iphonesimulator*]" = YES;
				"INFOPLIST_KEY_UIApplicationSupportsIndirectInputEvents[sdk=iphoneos*]" = YES;
				"INFOPLIST_KEY_UIApplicationSupportsIndirectInputEvents[sdk=iphonesimulator*]" = YES;
				"INFOPLIST_KEY_UILaunchScreen_Generation[sdk=iphoneos*]" = YES;
				"INFOPLIST_KEY_UILaunchScreen_Generation[sdk=iphonesimulator*]" = YES;
				"INFOPLIST_KEY_UIStatusBarStyle[sdk=iphoneos*]" = UIStatusBarStyleDefault;
				"INFOPLIST_KEY_UIStatusBarStyle[sdk=iphonesimulator*]" = UIStatusBarStyleDefault;
				INFOPLIST_KEY_UISupportedInterfaceOrientations_iPad = "UIInterfaceOrientationPortrait UIInterfaceOrientationPortraitUpsideDown UIInterfaceOrientationLandscapeLeft UIInterfaceOrientationLandscapeRight";
				INFOPLIST_KEY_UISupportedInterfaceOrientations_iPhone = "UIInterfaceOrientationPortrait UIInterfaceOrientationLandscapeLeft UIInterfaceOrientationLandscapeRight";
				IPHONEOS_DEPLOYMENT_TARGET = 17.6;
				LD_RUNPATH_SEARCH_PATHS = "@executable_path/Frameworks";
				"LD_RUNPATH_SEARCH_PATHS[sdk=macosx*]" = "@executable_path/../Frameworks";
				MACOSX_DEPLOYMENT_TARGET = 26.0;
				MARKETING_VERSION = 1.0;
				PRODUCT_BUNDLE_IDENTIFIER = "com.peterparker.test-reel";
				PRODUCT_NAME = "$(TARGET_NAME)";
				REGISTER_APP_GROUPS = YES;
				SDKROOT = auto;
				STRING_CATALOG_GENERATE_SYMBOLS = YES;
				SUPPORTED_PLATFORMS = "iphoneos iphonesimulator macosx xros xrsimulator";
				SWIFT_APPROACHABLE_CONCURRENCY = YES;
				SWIFT_DEFAULT_ACTOR_ISOLATION = MainActor;
				SWIFT_EMIT_LOC_STRINGS = YES;
				SWIFT_UPCOMING_FEATURE_MEMBER_IMPORT_VISIBILITY = YES;
				SWIFT_VERSION = 5.0;
				TARGETED_DEVICE_FAMILY = "1,2,7";
				XROS_DEPLOYMENT_TARGET = 26.0;
			};
			name = Debug;
		};
		DBD63FC72EB2A40300D2AA5D /* Release */ = {
			isa = XCBuildConfiguration;
			buildSettings = {
				ALWAYS_EMBED_SWIFT_STANDARD_LIBRARIES = YES;
				ASSETCATALOG_COMPILER_APPICON_NAME = AppIcon;
				ASSETCATALOG_COMPILER_GLOBAL_ACCENT_COLOR_NAME = AccentColor;
				CODE_SIGN_STYLE = Automatic;
				CURRENT_PROJECT_VERSION = 1;
				DEVELOPMENT_TEAM = 342S33D94D;
				ENABLE_APP_SANDBOX = YES;
				ENABLE_HARDENED_RUNTIME = YES;
				ENABLE_PREVIEWS = YES;
				ENABLE_USER_SELECTED_FILES = readonly;
				GENERATE_INFOPLIST_FILE = YES;
				"INFOPLIST_KEY_UIApplicationSceneManifest_Generation[sdk=iphoneos*]" = YES;
				"INFOPLIST_KEY_UIApplicationSceneManifest_Generation[sdk=iphonesimulator*]" = YES;
				"INFOPLIST_KEY_UIApplicationSupportsIndirectInputEvents[sdk=iphoneos*]" = YES;
				"INFOPLIST_KEY_UIApplicationSupportsIndirectInputEvents[sdk=iphonesimulator*]" = YES;
				"INFOPLIST_KEY_UILaunchScreen_Generation[sdk=iphoneos*]" = YES;
				"INFOPLIST_KEY_UILaunchScreen_Generation[sdk=iphonesimulator*]" = YES;
				"INFOPLIST_KEY_UIStatusBarStyle[sdk=iphoneos*]" = UIStatusBarStyleDefault;
				"INFOPLIST_KEY_UIStatusBarStyle[sdk=iphonesimulator*]" = UIStatusBarStyleDefault;
				INFOPLIST_KEY_UISupportedInterfaceOrientations_iPad = "UIInterfaceOrientationPortrait UIInterfaceOrientationPortraitUpsideDown UIInterfaceOrientationLandscapeLeft UIInterfaceOrientationLandscapeRight";
				INFOPLIST_KEY_UISupportedInterfaceOrientations_iPhone = "UIInterfaceOrientationPortrait UIInterfaceOrientationLandscapeLeft UIInterfaceOrientationLandscapeRight";
				IPHONEOS_DEPLOYMENT_TARGET = 17.6;
				LD_RUNPATH_SEARCH_PATHS = "@executable_path/Frameworks";
				"LD_RUNPATH_SEARCH_PATHS[sdk=macosx*]" = "@executable_path/../Frameworks";
				MACOSX_DEPLOYMENT_TARGET = 26.0;
				MARKETING_VERSION = 1.0;
				PRODUCT_BUNDLE_IDENTIFIER = "com.peterparker.test-reel";
				PRODUCT_NAME = "$(TARGET_NAME)";
				REGISTER_APP_GROUPS = YES;
				SDKROOT = auto;
				STRING_CATALOG_GENERATE_SYMBOLS = YES;
				SUPPORTED_PLATFORMS = "iphoneos iphonesimulator macosx xros xrsimulator";
				SWIFT_APPROACHABLE_CONCURRENCY = YES;
				SWIFT_DEFAULT_ACTOR_ISOLATION = MainActor;
				SWIFT_EMIT_LOC_STRINGS = YES;
				SWIFT_UPCOMING_FEATURE_MEMBER_IMPORT_VISIBILITY = YES;
				SWIFT_VERSION = 5.0;
				TARGETED_DEVICE_FAMILY = "1,2,7";
				XROS_DEPLOYMENT_TARGET = 26.0;
			};
			name = Release;
		};
/* End XCBuildConfiguration section */

/* Begin XCConfigurationList section */
		DBD63FB52EB2A40200D2AA5D /* Build configuration list for PBXProject "test_reel" */ = {
			isa = XCConfigurationList;
			buildConfigurations = (
				DBD63FC32EB2A40300D2AA5D /* Debug */,
				DBD63FC42EB2A40300D2AA5D /* Release */,
			);
			defaultConfigurationIsVisible = 0;
			defaultConfigurationName = Release;
		};
		DBD63FC52EB2A40300D2AA5D /* Build configuration list for PBXNativeTarget "test_reel" */ = {
			isa = XCConfigurationList;
			buildConfigurations = (
				DBD63FC62EB2A40300D2AA5D /* Debug */,
				DBD63FC72EB2A40300D2AA5D /* Release */,
			);
			defaultConfigurationIsVisible = 0;
			defaultConfigurationName = Release;
		};
/* End XCConfigurationList section */

/* Begin XCRemoteSwiftPackageReference section */
		DBD63FF02EB2AB6700D2AA5D /* XCRemoteSwiftPackageReference "Kingfisher" */ = {
			isa = XCRemoteSwiftPackageReference;
			repositoryURL = "https://github.com/onevcat/Kingfisher.git";
			requirement = {
				kind = upToNextMajorVersion;
				minimumVersion = 8.6.1;
			};
		};
/* End XCRemoteSwiftPackageReference section */

/* Begin XCSwiftPackageProductDependency section */
		DBD63FF12EB2AB6700D2AA5D /* Kingfisher */ = {
			isa = XCSwiftPackageProductDependency;
			package = DBD63FF02EB2AB6700D2AA5D /* XCRemoteSwiftPackageReference "Kingfisher" */;
			productName = Kingfisher;
		};
/* End XCSwiftPackageProductDependency section */
	};
	rootObject = DBD63FB22EB2A40200D2AA5D /* Project object */;
}
